
Microsoft Visual Studio Solution File, Format Version 12.00
# Visual Studio 15
VisualStudioVersion = 15.0.26124.0
MinimumVisualStudioVersion = 15.0.26124.0
Project("{FAE04EC0-301F-11D3-BF4B-00C04F79EFBC}") = "QuickBuy.Dominio", "QuickBuy.Dominio\QuickBuy.Dominio.csproj", "{96898341-33E0-49B2-A40E-6A5A206C1A06}"
EndProject
Project("{FAE04EC0-301F-11D3-BF4B-00C04F79EFBC}") = "QuickBuy.Repositorio", "QuickBuy.Repositorio\QuickBuy.Repositorio.csproj", "{F96EF2D0-AE24-4E4F-AC00-D35DB1873117}"
EndProject
Project("{FAE04EC0-301F-11D3-BF4B-00C04F79EFBC}") = "QuickBuy.Web", "QuickBuy.Web\QuickBuy.Web.csproj", "{CED4ECD5-563D-4C0F-81EC-EAF8B46F1C78}"
EndProject
Global
	GlobalSection(SolutionConfigurationPlatforms) = preSolution
		Debug|Any CPU = Debug|Any CPU
		Debug|x64 = Debug|x64
		Debug|x86 = Debug|x86
		Release|Any CPU = Release|Any CPU
		Release|x64 = Release|x64
		Release|x86 = Release|x86
	EndGlobalSection
	GlobalSection(SolutionProperties) = preSolution
		HideSolutionNode = FALSE
	EndGlobalSection
	GlobalSection(ProjectConfigurationPlatforms) = postSolution
		{96898341-33E0-49B2-A40E-6A5A206C1A06}.Debug|Any CPU.ActiveCfg = Debug|Any CPU
		{96898341-33E0-49B2-A40E-6A5A206C1A06}.Debug|Any CPU.Build.0 = Debug|Any CPU
		{96898341-33E0-49B2-A40E-6A5A206C1A06}.Debug|x64.ActiveCfg = Debug|Any CPU
		{96898341-33E0-49B2-A40E-6A5A206C1A06}.Debug|x64.Build.0 = Debug|Any CPU
		{96898341-33E0-49B2-A40E-6A5A206C1A06}.Debug|x86.ActiveCfg = Debug|Any CPU
		{96898341-33E0-49B2-A40E-6A5A206C1A06}.Debug|x86.Build.0 = Debug|Any CPU
		{96898341-33E0-49B2-A40E-6A5A206C1A06}.Release|Any CPU.ActiveCfg = Release|Any CPU
		{96898341-33E0-49B2-A40E-6A5A206C1A06}.Release|Any CPU.Build.0 = Release|Any CPU
		{96898341-33E0-49B2-A40E-6A5A206C1A06}.Release|x64.ActiveCfg = Release|Any CPU
		{96898341-33E0-49B2-A40E-6A5A206C1A06}.Release|x64.Build.0 = Release|Any CPU
		{96898341-33E0-49B2-A40E-6A5A206C1A06}.Release|x86.ActiveCfg = Release|Any CPU
		{96898341-33E0-49B2-A40E-6A5A206C1A06}.Release|x86.Build.0 = Release|Any CPU
		{F96EF2D0-AE24-4E4F-AC00-D35DB1873117}.Debug|Any CPU.ActiveCfg = Debug|Any CPU
		{F96EF2D0-AE24-4E4F-AC00-D35DB1873117}.Debug|Any CPU.Build.0 = Debug|Any CPU
		{F96EF2D0-AE24-4E4F-AC00-D35DB1873117}.Debug|x64.ActiveCfg = Debug|Any CPU
		{F96EF2D0-AE24-4E4F-AC00-D35DB1873117}.Debug|x64.Build.0 = Debug|Any CPU
		{F96EF2D0-AE24-4E4F-AC00-D35DB1873117}.Debug|x86.ActiveCfg = Debug|Any CPU
		{F96EF2D0-AE24-4E4F-AC00-D35DB1873117}.Debug|x86.Build.0 = Debug|Any CPU
		{F96EF2D0-AE24-4E4F-AC00-D35DB1873117}.Release|Any CPU.ActiveCfg = Release|Any CPU
		{F96EF2D0-AE24-4E4F-AC00-D35DB1873117}.Release|Any CPU.Build.0 = Release|Any CPU
		{F96EF2D0-AE24-4E4F-AC00-D35DB1873117}.Release|x64.ActiveCfg = Release|Any CPU
		{F96EF2D0-AE24-4E4F-AC00-D35DB1873117}.Release|x64.Build.0 = Release|Any CPU
		{F96EF2D0-AE24-4E4F-AC00-D35DB1873117}.Release|x86.ActiveCfg = Release|Any CPU
		{F96EF2D0-AE24-4E4F-AC00-D35DB1873117}.Release|x86.Build.0 = Release|Any CPU
		{CED4ECD5-563D-4C0F-81EC-EAF8B46F1C78}.Debug|Any CPU.ActiveCfg = Debug|Any CPU
		{CED4ECD5-563D-4C0F-81EC-EAF8B46F1C78}.Debug|Any CPU.Build.0 = Debug|Any CPU
		{CED4ECD5-563D-4C0F-81EC-EAF8B46F1C78}.Debug|x64.ActiveCfg = Debug|Any CPU
		{CED4ECD5-563D-4C0F-81EC-EAF8B46F1C78}.Debug|x64.Build.0 = Debug|Any CPU
		{CED4ECD5-563D-4C0F-81EC-EAF8B46F1C78}.Debug|x86.ActiveCfg = Debug|Any CPU
		{CED4ECD5-563D-4C0F-81EC-EAF8B46F1C78}.Debug|x86.Build.0 = Debug|Any CPU
		{CED4ECD5-563D-4C0F-81EC-EAF8B46F1C78}.Release|Any CPU.ActiveCfg = Release|Any CPU
		{CED4ECD5-563D-4C0F-81EC-EAF8B46F1C78}.Release|Any CPU.Build.0 = Release|Any CPU
		{CED4ECD5-563D-4C0F-81EC-EAF8B46F1C78}.Release|x64.ActiveCfg = Release|Any CPU
		{CED4ECD5-563D-4C0F-81EC-EAF8B46F1C78}.Release|x64.Build.0 = Release|Any CPU
		{CED4ECD5-563D-4C0F-81EC-EAF8B46F1C78}.Release|x86.ActiveCfg = Release|Any CPU
		{CED4ECD5-563D-4C0F-81EC-EAF8B46F1C78}.Release|x86.Build.0 = Release|Any CPU
	EndGlobalSection
EndGlobal
